// !$*UTF8*$!
{
	archiveVersion = 1;
	classes = {
	};
	objectVersion = 51;
	objects = {

/* Begin PBXBuildFile section */
		AB5AC93A555A7E76890FBC10 /* Pods_TransitIOSTest.framework in Frameworks */ = {isa = PBXBuildFile; fileRef = D75E189C02726C572D198BE1 /* Pods_TransitIOSTest.framework */; };
		E56BA9AC25D6F4AB00827E15 /* Feeds.json in Resources */ = {isa = PBXBuildFile; fileRef = E56BA9AB25D6F4AB00827E15 /* Feeds.json */; };
		E56BA9AF25D6F6AB00827E15 /* Feed.swift in Sources */ = {isa = PBXBuildFile; fileRef = E56BA9AE25D6F6AB00827E15 /* Feed.swift */; };
		E589D2C925D5D30B002DFB9F /* AppDelegate.swift in Sources */ = {isa = PBXBuildFile; fileRef = E589D2C825D5D30B002DFB9F /* AppDelegate.swift */; };
		E589D2CB25D5D30B002DFB9F /* SceneDelegate.swift in Sources */ = {isa = PBXBuildFile; fileRef = E589D2CA25D5D30B002DFB9F /* SceneDelegate.swift */; };
		E589D2CD25D5D30B002DFB9F /* ViewController.swift in Sources */ = {isa = PBXBuildFile; fileRef = E589D2CC25D5D30B002DFB9F /* ViewController.swift */; };
		E589D2D025D5D30B002DFB9F /* Main.storyboard in Resources */ = {isa = PBXBuildFile; fileRef = E589D2CE25D5D30B002DFB9F /* Main.storyboard */; };
		E589D2D225D5D30D002DFB9F /* Assets.xcassets in Resources */ = {isa = PBXBuildFile; fileRef = E589D2D125D5D30D002DFB9F /* Assets.xcassets */; };
		E589D2D525D5D30D002DFB9F /* LaunchScreen.storyboard in Resources */ = {isa = PBXBuildFile; fileRef = E589D2D325D5D30D002DFB9F /* LaunchScreen.storyboard */; };
		E589D2E725D62D8A002DFB9F /* PinsView.swift in Sources */ = {isa = PBXBuildFile; fileRef = E589D2E625D62D8A002DFB9F /* PinsView.swift */; };
/* End PBXBuildFile section */

/* Begin PBXFileReference section */
		3C2E874D3927F9FB29EFA248 /* Pods-TransitIOSTest.debug.xcconfig */ = {isa = PBXFileReference; includeInIndex = 1; lastKnownFileType = text.xcconfig; name = "Pods-TransitIOSTest.debug.xcconfig"; path = "Target Support Files/Pods-TransitIOSTest/Pods-TransitIOSTest.debug.xcconfig"; sourceTree = "<group>"; };
		7C7B45843E092AC025384ACA /* Pods-TransitIOSTest.release.xcconfig */ = {isa = PBXFileReference; includeInIndex = 1; lastKnownFileType = text.xcconfig; name = "Pods-TransitIOSTest.release.xcconfig"; path = "Target Support Files/Pods-TransitIOSTest/Pods-TransitIOSTest.release.xcconfig"; sourceTree = "<group>"; };
		D75E189C02726C572D198BE1 /* Pods_TransitIOSTest.framework */ = {isa = PBXFileReference; explicitFileType = wrapper.framework; includeInIndex = 0; path = Pods_TransitIOSTest.framework; sourceTree = BUILT_PRODUCTS_DIR; };
		E550C76225DAF7E200BB2D44 /* Info.plist */ = {isa = PBXFileReference; fileEncoding = 4; lastKnownFileType = text.plist.xml; name = Info.plist; path = "../../../../../Library/Mobile Documents/com~apple~CloudDocs/.Trash/Info.plist"; sourceTree = "<group>"; };
		E56BA9AB25D6F4AB00827E15 /* Feeds.json */ = {isa = PBXFileReference; lastKnownFileType = text.json; path = Feeds.json; sourceTree = "<group>"; };
		E56BA9AE25D6F6AB00827E15 /* Feed.swift */ = {isa = PBXFileReference; lastKnownFileType = sourcecode.swift; path = Feed.swift; sourceTree = "<group>"; };
		E589D2C525D5D30B002DFB9F /* TransitIOSTest.app */ = {isa = PBXFileReference; explicitFileType = wrapper.application; includeInIndex = 0; path = TransitIOSTest.app; sourceTree = BUILT_PRODUCTS_DIR; };
		E589D2C825D5D30B002DFB9F /* AppDelegate.swift */ = {isa = PBXFileReference; lastKnownFileType = sourcecode.swift; path = AppDelegate.swift; sourceTree = "<group>"; };
		E589D2CA25D5D30B002DFB9F /* SceneDelegate.swift */ = {isa = PBXFileReference; lastKnownFileType = sourcecode.swift; path = SceneDelegate.swift; sourceTree = "<group>"; };
		E589D2CC25D5D30B002DFB9F /* ViewController.swift */ = {isa = PBXFileReference; lastKnownFileType = sourcecode.swift; path = ViewController.swift; sourceTree = "<group>"; };
		E589D2CF25D5D30B002DFB9F /* Base */ = {isa = PBXFileReference; lastKnownFileType = file.storyboard; name = Base; path = Base.lproj/Main.storyboard; sourceTree = "<group>"; };
		E589D2D125D5D30D002DFB9F /* Assets.xcassets */ = {isa = PBXFileReference; lastKnownFileType = folder.assetcatalog; path = Assets.xcassets; sourceTree = "<group>"; };
		E589D2D425D5D30D002DFB9F /* Base */ = {isa = PBXFileReference; lastKnownFileType = file.storyboard; name = Base; path = Base.lproj/LaunchScreen.storyboard; sourceTree = "<group>"; };
		E589D2E625D62D8A002DFB9F /* PinsView.swift */ = {isa = PBXFileReference; lastKnownFileType = sourcecode.swift; path = PinsView.swift; sourceTree = "<group>"; };
/* End PBXFileReference section */

/* Begin PBXFrameworksBuildPhase section */
		E589D2C225D5D30B002DFB9F /* Frameworks */ = {
			isa = PBXFrameworksBuildPhase;
			buildActionMask = 2147483647;
			files = (
				AB5AC93A555A7E76890FBC10 /* Pods_TransitIOSTest.framework in Frameworks */,
			);
			runOnlyForDeploymentPostprocessing = 0;
		};
/* End PBXFrameworksBuildPhase section */

/* Begin PBXGroup section */
		1DCF13F938F77A9197D9BA43 /* Pods */ = {
			isa = PBXGroup;
			children = (
				3C2E874D3927F9FB29EFA248 /* Pods-TransitIOSTest.debug.xcconfig */,
				7C7B45843E092AC025384ACA /* Pods-TransitIOSTest.release.xcconfig */,
			);
			path = Pods;
			sourceTree = "<group>";
		};
		93038716FDD6BA88D4D6789B /* Frameworks */ = {
			isa = PBXGroup;
			children = (
				D75E189C02726C572D198BE1 /* Pods_TransitIOSTest.framework */,
			);
			name = Frameworks;
			sourceTree = "<group>";
		};
		E550C73725DAF2B400BB2D44 /* Ressources */ = {
			isa = PBXGroup;
			children = (
				E56BA9AB25D6F4AB00827E15 /* Feeds.json */,
				E589D2D125D5D30D002DFB9F /* Assets.xcassets */,
				E550C76225DAF7E200BB2D44 /* Info.plist */,
			);
			path = Ressources;
			sourceTree = "<group>";
		};
		E589D2BC25D5D30B002DFB9F = {
			isa = PBXGroup;
			children = (
				E589D2C725D5D30B002DFB9F /* TransitIOSTest */,
				E589D2C625D5D30B002DFB9F /* Products */,
				1DCF13F938F77A9197D9BA43 /* Pods */,
				93038716FDD6BA88D4D6789B /* Frameworks */,
			);
			sourceTree = "<group>";
		};
		E589D2C625D5D30B002DFB9F /* Products */ = {
			isa = PBXGroup;
			children = (
				E589D2C525D5D30B002DFB9F /* TransitIOSTest.app */,
			);
			name = Products;
			sourceTree = "<group>";
		};
		E589D2C725D5D30B002DFB9F /* TransitIOSTest */ = {
			isa = PBXGroup;
			children = (
				E550C73725DAF2B400BB2D44 /* Ressources */,
				E589D2DE25D5D389002DFB9F /* Views */,
				E589D2DD25D5D376002DFB9F /* Model */,
				E589D2C825D5D30B002DFB9F /* AppDelegate.swift */,
				E589D2CA25D5D30B002DFB9F /* SceneDelegate.swift */,
				E589D2D325D5D30D002DFB9F /* LaunchScreen.storyboard */,
			);
			path = TransitIOSTest;
			sourceTree = "<group>";
		};
		E589D2DD25D5D376002DFB9F /* Model */ = {
			isa = PBXGroup;
			children = (
				E56BA9AE25D6F6AB00827E15 /* Feed.swift */,
			);
			path = Model;
			sourceTree = "<group>";
		};
		E589D2DE25D5D389002DFB9F /* Views */ = {
			isa = PBXGroup;
			children = (
				E589D2CC25D5D30B002DFB9F /* ViewController.swift */,
				E589D2CE25D5D30B002DFB9F /* Main.storyboard */,
				E589D2E625D62D8A002DFB9F /* PinsView.swift */,
			);
			path = Views;
			sourceTree = "<group>";
		};
/* End PBXGroup section */

/* Begin PBXNativeTarget section */
		E589D2C425D5D30B002DFB9F /* TransitIOSTest */ = {
			isa = PBXNativeTarget;
			buildConfigurationList = E589D2D925D5D30D002DFB9F /* Build configuration list for PBXNativeTarget "TransitIOSTest" */;
			buildPhases = (
				BABAD8AD324DC8C8732899BE /* [CP] Check Pods Manifest.lock */,
				E589D2C125D5D30B002DFB9F /* Sources */,
				E589D2C225D5D30B002DFB9F /* Frameworks */,
				E589D2C325D5D30B002DFB9F /* Resources */,
				C26A3B68D9DE91A981C63815 /* [CP] Embed Pods Frameworks */,
			);
			buildRules = (
			);
			dependencies = (
			);
			name = TransitIOSTest;
			productName = TransitIOSTest;
			productReference = E589D2C525D5D30B002DFB9F /* TransitIOSTest.app */;
			productType = "com.apple.product-type.application";
		};
/* End PBXNativeTarget section */

/* Begin PBXProject section */
		E589D2BD25D5D30B002DFB9F /* Project object */ = {
			isa = PBXProject;
			attributes = {
				LastSwiftUpdateCheck = 1240;
				LastUpgradeCheck = 1240;
				TargetAttributes = {
					E589D2C425D5D30B002DFB9F = {
						CreatedOnToolsVersion = 12.4;
					};
				};
			};
			buildConfigurationList = E589D2C025D5D30B002DFB9F /* Build configuration list for PBXProject "TransitIOSTest" */;
			compatibilityVersion = "Xcode 9.3";
			developmentRegion = en;
			hasScannedForEncodings = 0;
			knownRegions = (
				en,
				Base,
			);
			mainGroup = E589D2BC25D5D30B002DFB9F;
			productRefGroup = E589D2C625D5D30B002DFB9F /* Products */;
			projectDirPath = "";
			projectRoot = "";
			targets = (
				E589D2C425D5D30B002DFB9F /* TransitIOSTest */,
			);
		};
/* End PBXProject section */

/* Begin PBXResourcesBuildPhase section */
		E589D2C325D5D30B002DFB9F /* Resources */ = {
			isa = PBXResourcesBuildPhase;
			buildActionMask = 2147483647;
			files = (
				E589D2D525D5D30D002DFB9F /* LaunchScreen.storyboard in Resources */,
				E56BA9AC25D6F4AB00827E15 /* Feeds.json in Resources */,
				E589D2D225D5D30D002DFB9F /* Assets.xcassets in Resources */,
				E589D2D025D5D30B002DFB9F /* Main.storyboard in Resources */,
			);
			runOnlyForDeploymentPostprocessing = 0;
		};
/* End PBXResourcesBuildPhase section */

/* Begin PBXShellScriptBuildPhase section */
		BABAD8AD324DC8C8732899BE /* [CP] Check Pods Manifest.lock */ = {
			isa = PBXShellScriptBuildPhase;
			buildActionMask = 2147483647;
			files = (
			);
			inputFileListPaths = (
			);
			inputPaths = (
				"${PODS_PODFILE_DIR_PATH}/Podfile.lock",
				"${PODS_ROOT}/Manifest.lock",
			);
			name = "[CP] Check Pods Manifest.lock";
			outputFileListPaths = (
			);
			outputPaths = (
				"$(DERIVED_FILE_DIR)/Pods-TransitIOSTest-checkManifestLockResult.txt",
			);
			runOnlyForDeploymentPostprocessing = 0;
			shellPath = /bin/sh;
			shellScript = "diff \"${PODS_PODFILE_DIR_PATH}/Podfile.lock\" \"${PODS_ROOT}/Manifest.lock\" > /dev/null\nif [ $? != 0 ] ; then\n    # print error to STDERR\n    echo \"error: The sandbox is not in sync with the Podfile.lock. Run 'pod install' or update your CocoaPods installation.\" >&2\n    exit 1\nfi\n# This output is used by Xcode 'outputs' to avoid re-running this script phase.\necho \"SUCCESS\" > \"${SCRIPT_OUTPUT_FILE_0}\"\n";
			showEnvVarsInLog = 0;
		};
		C26A3B68D9DE91A981C63815 /* [CP] Embed Pods Frameworks */ = {
			isa = PBXShellScriptBuildPhase;
			buildActionMask = 2147483647;
			files = (
			);
			inputFileListPaths = (
				"${PODS_ROOT}/Target Support Files/Pods-TransitIOSTest/Pods-TransitIOSTest-frameworks-${CONFIGURATION}-input-files.xcfilelist",
			);
			name = "[CP] Embed Pods Frameworks";
			outputFileListPaths = (
				"${PODS_ROOT}/Target Support Files/Pods-TransitIOSTest/Pods-TransitIOSTest-frameworks-${CONFIGURATION}-output-files.xcfilelist",
			);
			runOnlyForDeploymentPostprocessing = 0;
			shellPath = /bin/sh;
			shellScript = "\"${PODS_ROOT}/Target Support Files/Pods-TransitIOSTest/Pods-TransitIOSTest-frameworks.sh\"\n";
			showEnvVarsInLog = 0;
		};
/* End PBXShellScriptBuildPhase section */

/* Begin PBXSourcesBuildPhase section */
		E589D2C125D5D30B002DFB9F /* Sources */ = {
			isa = PBXSourcesBuildPhase;
			buildActionMask = 2147483647;
			files = (
				E589D2CD25D5D30B002DFB9F /* ViewController.swift in Sources */,
				E56BA9AF25D6F6AB00827E15 /* Feed.swift in Sources */,
				E589D2E725D62D8A002DFB9F /* PinsView.swift in Sources */,
				E589D2C925D5D30B002DFB9F /* AppDelegate.swift in Sources */,
				E589D2CB25D5D30B002DFB9F /* SceneDelegate.swift in Sources */,
			);
			runOnlyForDeploymentPostprocessing = 0;
		};
/* End PBXSourcesBuildPhase section */

/* Begin PBXVariantGroup section */
		E589D2CE25D5D30B002DFB9F /* Main.storyboard */ = {
			isa = PBXVariantGroup;
			children = (
				E589D2CF25D5D30B002DFB9F /* Base */,
			);
			name = Main.storyboard;
			sourceTree = "<group>";
		};
		E589D2D325D5D30D002DFB9F /* LaunchScreen.storyboard */ = {
			isa = PBXVariantGroup;
			children = (
				E589D2D425D5D30D002DFB9F /* Base */,
			);
			name = LaunchScreen.storyboard;
			sourceTree = "<group>";
		};
/* End PBXVariantGroup section */

/* Begin XCBuildConfiguration section */
		E589D2D725D5D30D002DFB9F /* Debug */ = {
			isa = XCBuildConfiguration;
			buildSettings = {
				ALWAYS_SEARCH_USER_PATHS = NO;
				CLANG_ANALYZER_NONNULL = YES;
				CLANG_ANALYZER_NUMBER_OBJECT_CONVERSION = YES_AGGRESSIVE;
				CLANG_CXX_LANGUAGE_STANDARD = "gnu++14";
				CLANG_CXX_LIBRARY = "libc++";
				CLANG_ENABLE_MODULES = YES;
				CLANG_ENABLE_OBJC_ARC = YES;
				CLANG_ENABLE_OBJC_WEAK = YES;
				CLANG_WARN_BLOCK_CAPTURE_AUTORELEASING = YES;
				CLANG_WARN_BOOL_CONVERSION = YES;
				CLANG_WARN_COMMA = YES;
				CLANG_WARN_CONSTANT_CONVERSION = YES;
				CLANG_WARN_DEPRECATED_OBJC_IMPLEMENTATIONS = YES;
				CLANG_WARN_DIRECT_OBJC_ISA_USAGE = YES_ERROR;
				CLANG_WARN_DOCUMENTATION_COMMENTS = YES;
				CLANG_WARN_EMPTY_BODY = YES;
				CLANG_WARN_ENUM_CONVERSION = YES;
				CLANG_WARN_INFINITE_RECURSION = YES;
				CLANG_WARN_INT_CONVERSION = YES;
				CLANG_WARN_NON_LITERAL_NULL_CONVERSION = YES;
				CLANG_WARN_OBJC_IMPLICIT_RETAIN_SELF = YES;
				CLANG_WARN_OBJC_LITERAL_CONVERSION = YES;
				CLANG_WARN_OBJC_ROOT_CLASS = YES_ERROR;
				CLANG_WARN_QUOTED_INCLUDE_IN_FRAMEWORK_HEADER = YES;
				CLANG_WARN_RANGE_LOOP_ANALYSIS = YES;
				CLANG_WARN_STRICT_PROTOTYPES = YES;
				CLANG_WARN_SUSPICIOUS_MOVE = YES;
				CLANG_WARN_UNGUARDED_AVAILABILITY = YES_AGGRESSIVE;
				CLANG_WARN_UNREACHABLE_CODE = YES;
				CLANG_WARN__DUPLICATE_METHOD_MATCH = YES;
				COPY_PHASE_STRIP = NO;
				DEBUG_INFORMATION_FORMAT = dwarf;
				ENABLE_STRICT_OBJC_MSGSEND = YES;
				ENABLE_TESTABILITY = YES;
				GCC_C_LANGUAGE_STANDARD = gnu11;
				GCC_DYNAMIC_NO_PIC = NO;
				GCC_NO_COMMON_BLOCKS = YES;
				GCC_OPTIMIZATION_LEVEL = 0;
				GCC_PREPROCESSOR_DEFINITIONS = (
					"DEBUG=1",
					"$(inherited)",
				);
				GCC_WARN_64_TO_32_BIT_CONVERSION = YES;
				GCC_WARN_ABOUT_RETURN_TYPE = YES_ERROR;
				GCC_WARN_UNDECLARED_SELECTOR = YES;
				GCC_WARN_UNINITIALIZED_AUTOS = YES_AGGRESSIVE;
				GCC_WARN_UNUSED_FUNCTION = YES;
				GCC_WARN_UNUSED_VARIABLE = YES;
				IPHONEOS_DEPLOYMENT_TARGET = 14.4;
				MTL_ENABLE_DEBUG_INFO = INCLUDE_SOURCE;
				MTL_FAST_MATH = YES;
				ONLY_ACTIVE_ARCH = YES;
				SDKROOT = iphoneos;
				SWIFT_ACTIVE_COMPILATION_CONDITIONS = DEBUG;
				SWIFT_OPTIMIZATION_LEVEL = "-Onone";
			};
			name = Debug;
		};
		E589D2D825D5D30D002DFB9F /* Release */ = {
			isa = XCBuildConfiguration;
			buildSettings = {
				ALWAYS_SEARCH_USER_PATHS = NO;
				CLANG_ANALYZER_NONNULL = YES;
				CLANG_ANALYZER_NUMBER_OBJECT_CONVERSION = YES_AGGRESSIVE;
				CLANG_CXX_LANGUAGE_STANDARD = "gnu++14";
				CLANG_CXX_LIBRARY = "libc++";
				CLANG_ENABLE_MODULES = YES;
				CLANG_ENABLE_OBJC_ARC = YES;
				CLANG_ENABLE_OBJC_WEAK = YES;
				CLANG_WARN_BLOCK_CAPTURE_AUTORELEASING = YES;
				CLANG_WARN_BOOL_CONVERSION = YES;
				CLANG_WARN_COMMA = YES;
				CLANG_WARN_CONSTANT_CONVERSION = YES;
				CLANG_WARN_DEPRECATED_OBJC_IMPLEMENTATIONS = YES;
				CLANG_WARN_DIRECT_OBJC_ISA_USAGE = YES_ERROR;
				CLANG_WARN_DOCUMENTATION_COMMENTS = YES;
				CLANG_WARN_EMPTY_BODY = YES;
				CLANG_WARN_ENUM_CONVERSION = YES;
				CLANG_WARN_INFINITE_RECURSION = YES;
				CLANG_WARN_INT_CONVERSION = YES;
				CLANG_WARN_NON_LITERAL_NULL_CONVERSION = YES;
				CLANG_WARN_OBJC_IMPLICIT_RETAIN_SELF = YES;
				CLANG_WARN_OBJC_LITERAL_CONVERSION = YES;
				CLANG_WARN_OBJC_ROOT_CLASS = YES_ERROR;
				CLANG_WARN_QUOTED_INCLUDE_IN_FRAMEWORK_HEADER = YES;
				CLANG_WARN_RANGE_LOOP_ANALYSIS = YES;
				CLANG_WARN_STRICT_PROTOTYPES = YES;
				CLANG_WARN_SUSPICIOUS_MOVE = YES;
				CLANG_WARN_UNGUARDED_AVAILABILITY = YES_AGGRESSIVE;
				CLANG_WARN_UNREACHABLE_CODE = YES;
				CLANG_WARN__DUPLICATE_METHOD_MATCH = YES;
				COPY_PHASE_STRIP = NO;
				DEBUG_INFORMATION_FORMAT = "dwarf-with-dsym";
				ENABLE_NS_ASSERTIONS = NO;
				ENABLE_STRICT_OBJC_MSGSEND = YES;
				GCC_C_LANGUAGE_STANDARD = gnu11;
				GCC_NO_COMMON_BLOCKS = YES;
				GCC_WARN_64_TO_32_BIT_CONVERSION = YES;
				GCC_WARN_ABOUT_RETURN_TYPE = YES_ERROR;
				GCC_WARN_UNDECLARED_SELECTOR = YES;
				GCC_WARN_UNINITIALIZED_AUTOS = YES_AGGRESSIVE;
				GCC_WARN_UNUSED_FUNCTION = YES;
				GCC_WARN_UNUSED_VARIABLE = YES;
				IPHONEOS_DEPLOYMENT_TARGET = 14.4;
				MTL_ENABLE_DEBUG_INFO = NO;
				MTL_FAST_MATH = YES;
				SDKROOT = iphoneos;
				SWIFT_COMPILATION_MODE = wholemodule;
				SWIFT_OPTIMIZATION_LEVEL = "-O";
				VALIDATE_PRODUCT = YES;
			};
			name = Release;
		};
		E589D2DA25D5D30D002DFB9F /* Debug */ = {
			isa = XCBuildConfiguration;
			baseConfigurationReference = 3C2E874D3927F9FB29EFA248 /* Pods-TransitIOSTest.debug.xcconfig */;
			buildSettings = {
				ASSETCATALOG_COMPILER_APPICON_NAME = AppIcon;
				ASSETCATALOG_COMPILER_GLOBAL_ACCENT_COLOR_NAME = AccentColor;
				CODE_SIGN_STYLE = Automatic;
				DEVELOPMENT_TEAM = 3LRUWJ9R55;
				INFOPLIST_FILE = "$(SRCROOT)/../../../Library/Mobile Documents/com~apple~CloudDocs/.Trash/Info.plist";
				LD_RUNPATH_SEARCH_PATHS = (
					"$(inherited)",
					"@executable_path/Frameworks",
				);
				PRODUCT_BUNDLE_IDENTIFIER = com.adamrais.TransitIOSTest;
				PRODUCT_NAME = "$(TARGET_NAME)";
				SWIFT_VERSION = 5.0;
				TARGETED_DEVICE_FAMILY = "1,2";
			};
			name = Debug;
		};
		E589D2DB25D5D30D002DFB9F /* Release */ = {
			isa = XCBuildConfiguration;
			baseConfigurationReference = 7C7B45843E092AC025384ACA /* Pods-TransitIOSTest.release.xcconfig */;
			buildSettings = {
				ASSETCATALOG_COMPILER_APPICON_NAME = AppIcon;
				ASSETCATALOG_COMPILER_GLOBAL_ACCENT_COLOR_NAME = AccentColor;
				CODE_SIGN_STYLE = Automatic;
				DEVELOPMENT_TEAM = 3LRUWJ9R55;
				INFOPLIST_FILE = "$(SRCROOT)/../../../Library/Mobile Documents/com~apple~CloudDocs/.Trash/Info.plist";
				LD_RUNPATH_SEARCH_PATHS = (
					"$(inherited)",
					"@executable_path/Frameworks",
				);
				PRODUCT_BUNDLE_IDENTIFIER = com.adamrais.TransitIOSTest;
				PRODUCT_NAME = "$(TARGET_NAME)";
				SWIFT_VERSION = 5.0;
				TARGETED_DEVICE_FAMILY = "1,2";
			};
			name = Release;
		};
/* End XCBuildConfiguration section */

/* Begin XCConfigurationList section */
		E589D2C025D5D30B002DFB9F /* Build configuration list for PBXProject "TransitIOSTest" */ = {
			isa = XCConfigurationList;
			buildConfigurations = (
				E589D2D725D5D30D002DFB9F /* Debug */,
				E589D2D825D5D30D002DFB9F /* Release */,
			);
			defaultConfigurationIsVisible = 0;
			defaultConfigurationName = Release;
		};
		E589D2D925D5D30D002DFB9F /* Build configuration list for PBXNativeTarget "TransitIOSTest" */ = {
			isa = XCConfigurationList;
			buildConfigurations = (
				E589D2DA25D5D30D002DFB9F /* Debug */,
				E589D2DB25D5D30D002DFB9F /* Release */,
			);
			defaultConfigurationIsVisible = 0;
			defaultConfigurationName = Release;
		};
/* End XCConfigurationList section */
	};
	rootObject = E589D2BD25D5D30B002DFB9F /* Project object */;
}
